{
  "version": "2",
  "remote": {
    "https://deno.land/std@0.105.0/encoding/base64.ts": "eecae390f1f1d1cae6f6c6d732ede5276bf4b9cd29b1d281678c054dc5cc009e",
    "https://deno.land/std@0.105.0/encoding/base64url.ts": "7160c189140857342eb34a1fb4b9c7fc566d61f4d1d2586054966c8860b14c6a",
    "https://deno.land/std@0.128.0/_util/assert.ts": "e94f2eb37cebd7f199952e242c77654e43333c1ac4c5c700e929ea3aa5489f74",
    "https://deno.land/std@0.128.0/_util/os.ts": "49b92edea1e82ba295ec946de8ffd956ed123e2948d9bd1d3e901b04e4307617",
    "https://deno.land/std@0.128.0/_wasm_crypto/crypto.mjs": "3b383eb715e8bfe61b4450ef0644b2653429c88d494807c86c5235979f62e56b",
    "https://deno.land/std@0.128.0/_wasm_crypto/crypto.wasm.mjs": "0ad9ecc0d03ca8a083d9109db22e7507f019f63cf55b82ea618ab58855617577",
    "https://deno.land/std@0.128.0/_wasm_crypto/mod.ts": "30a93c8b6b6c5b269e96a3e95d2c045d86a496814a8737443b77cad941d6a0b5",
    "https://deno.land/std@0.128.0/async/deadline.ts": "48ac998d7564969f3e6ec6b6f9bf0217ebd00239b1b2292feba61272d5dd58d0",
    "https://deno.land/std@0.128.0/async/debounce.ts": "564273ef242bcfcda19a439132f940db8694173abffc159ea34f07d18fc42620",
    "https://deno.land/std@0.128.0/async/deferred.ts": "bc18e28108252c9f67dfca2bbc4587c3cbf3aeb6e155f8c864ca8ecff992b98a",
    "https://deno.land/std@0.128.0/async/delay.ts": "cbbdf1c87d1aed8edc7bae13592fb3e27e3106e0748f089c263390d4f49e5f6c",
    "https://deno.land/std@0.128.0/async/mod.ts": "a28709190a1966cb50e5815ef269bb588ee192373cde73b1096641820dc52a36",
    "https://deno.land/std@0.128.0/async/mux_async_iterator.ts": "f4d1d259b0c694d381770ddaaa4b799a94843eba80c17f4a2ec2949168e52d1e",
    "https://deno.land/std@0.128.0/async/pool.ts": "97b0dd27c69544e374df857a40902e74e39532f226005543eabacb551e277082",
    "https://deno.land/std@0.128.0/async/tee.ts": "1341feb1f5b1a96f8628d0f8fc07d8c43d3813423f18a63bf1b4785568d21b1f",
    "https://deno.land/std@0.128.0/bytes/bytes_list.ts": "67eb118e0b7891d2f389dad4add35856f4ad5faab46318ff99653456c23b025d",
    "https://deno.land/std@0.128.0/bytes/equals.ts": "fc16dff2090cced02497f16483de123dfa91e591029f985029193dfaa9d894c9",
    "https://deno.land/std@0.128.0/bytes/mod.ts": "d3b455c0dbd4804644159d1e25946ade5ee385d2359894de49e2c6101b18b7a9",
    "https://deno.land/std@0.128.0/encoding/base64.ts": "c8c16b4adaa60d7a8eee047c73ece26844435e8f7f1328d74593dbb2dd58ea4f",
    "https://deno.land/std@0.128.0/encoding/base64url.ts": "55f9d13df02efac10c6f96169daa3e702606a64e8aa27c0295f645f198c27130",
    "https://deno.land/std@0.128.0/encoding/hex.ts": "7f023e1e51cfd6b189682e602e8640939e7be71a300a2fcf3daf8f84dc609bbc",
    "https://deno.land/std@0.128.0/fmt/colors.ts": "4575bb20edc666d3ae75fa9fac75f20e4cd423b280008094b05e423cc85047bb",
    "https://deno.land/std@0.128.0/fmt/printf.ts": "e2c0f72146aed1efecf0c39ab928b26ae493a2278f670a871a0fbdcf36ff3379",
    "https://deno.land/std@0.128.0/http/server.ts": "10c3a7814666cdbabd6f9c18acdcc4593e222275a628280a4868881445fbb5bc",
    "https://deno.land/std@0.128.0/io/buffer.ts": "bd0c4bf53db4b4be916ca5963e454bddfd3fcd45039041ea161dbf826817822b",
    "https://deno.land/std@0.128.0/io/types.d.ts": "01f60ae7ec02675b5dbed150d258fc184a78dfe5c209ef53ba4422b46b58822c",
    "https://deno.land/std@0.128.0/node/_buffer.d.ts": "90f674081428a61978b6d481c5f557ff743a3f4a85d7ae113caab48fdf5b8a63",
    "https://deno.land/std@0.128.0/node/_buffer.mjs": "f4a7df481d4eed06dc0151b833177d8ef74fc3a96dd4d2b073e690b6ced9474d",
    "https://deno.land/std@0.128.0/node/_core.ts": "568d277be2e086af996cbdd599fec569f5280e9a494335ca23ad392b130d7bb9",
    "https://deno.land/std@0.128.0/node/_crypto/constants.ts": "49011c87be4e45407ef5e99e96bde3f08656ebd8e6dfc99048c703dd0ce53952",
    "https://deno.land/std@0.128.0/node/_crypto/hash.ts": "6a84a079412d09ead27b900590f0bede9924bc7ce522b8b7d55183a2aaf63a68",
    "https://deno.land/std@0.128.0/node/_crypto/pbkdf2.ts": "00af38578729b3060371dfee70dae502a5848b4cc4787c48f634195cab1ce89a",
    "https://deno.land/std@0.128.0/node/_crypto/randomBytes.ts": "04e276bcbfa55b3502c7169deab3f2bf58bbc5e9727634f8a150eff734338e90",
    "https://deno.land/std@0.128.0/node/_crypto/randomFill.ts": "019ff2a8330c3ede6e65af28c5a8e3dee9d404975749c8dadf6ba11ccc28528e",
    "https://deno.land/std@0.128.0/node/_crypto/randomInt.ts": "2db981c2baf4ddac07b6da71f90677f4acf4dc2d93f351563fdd084d645b8413",
    "https://deno.land/std@0.128.0/node/_crypto/scrypt.ts": "caf07a6b8afa6ac582f80f99ed7dc7fefd5476fcd2aad771b8440e5b883d6d70",
    "https://deno.land/std@0.128.0/node/_crypto/timingSafeEqual.ts": "4a4ef17e482889d9d82138d5ffc0e787c32c04b1f12b28d076b1a69ceca46af1",
    "https://deno.land/std@0.128.0/node/_crypto/types.ts": "d3fae758c5b62f63d8126c76eec31a5559a2f34305defb5fe2a7d9034057ff54",
    "https://deno.land/std@0.128.0/node/_events.d.ts": "5b6d1a7931eb692d3b64018e7a3f57310284d3bf467aa2e6371c65bb626c1859",
    "https://deno.land/std@0.128.0/node/_events.mjs": "c0e3e0e290a8b81fee9d2973a529c8dcd5ebb4406782d1f91085274e2cb8490f",
    "https://deno.land/std@0.128.0/node/_fixed_queue.ts": "455b3c484de48e810b13bdf95cd1658ecb1ba6bcb8b9315ffe994efcde3ba5f5",
    "https://deno.land/std@0.128.0/node/_global.d.ts": "6dadaf8cec2a0c506b22170617286e0bdc80be53dd0673e67fc7dd37a1130c68",
    "https://deno.land/std@0.128.0/node/_next_tick.ts": "64c361f6bca21df2a72dd77b84bd49d80d97a694dd3080703bc78f52146351d1",
    "https://deno.land/std@0.128.0/node/_process/exiting.ts": "bc9694769139ffc596f962087155a8bfef10101d03423b9dcbc51ce6e1f88fce",
    "https://deno.land/std@0.128.0/node/_process/process.ts": "dfc4a4c49043613c2dbde04c1503c7a4c95f05d590d7236f2a9577e1e3d38672",
    "https://deno.land/std@0.128.0/node/_process/stdio.mjs": "971c3b086040d8521562155db13f22f9971d5c42c852b2081d4d2f0d8b6ab6bd",
    "https://deno.land/std@0.128.0/node/_stream.d.ts": "08fc67048c5b046fb4ccbdf1bc395a8bb01fb94897c2c66987c21c2b5cd924ff",
    "https://deno.land/std@0.128.0/node/_stream.mjs": "07f6cbabaad0382fb4b9a25e70ac3093a44022b859247f64726746e6373f1c91",
    "https://deno.land/std@0.128.0/node/_util/_util_callbackify.ts": "79928ad80df3e469f7dcdb198118a7436d18a9f6c08bd7a4382332ad25a718cf",
    "https://deno.land/std@0.128.0/node/_utils.ts": "c2c352e83c4c96f5ff994b1c8246bff2abcb21bfc3f1c06162cb3af1d201e615",
    "https://deno.land/std@0.128.0/node/buffer.ts": "fbecbf3f237fa49bec96e97ecf56a7b92d48037b3d11219288e68943cc921600",
    "https://deno.land/std@0.128.0/node/crypto.ts": "1a52283622f216a012145930af9bc409e8783ad3866a15ab79a5329c61cbecc0",
    "https://deno.land/std@0.128.0/node/events.ts": "a1d40fc0dbccc944379ef968b80ea08f9fce579e88b5057fdb64e4f0812476dd",
    "https://deno.land/std@0.128.0/node/internal/blob.mjs": "52080b2f40b114203df67f8a6650f9fe3c653912b8b3ef2f31f029853df4db53",
    "https://deno.land/std@0.128.0/node/internal/buffer.mjs": "6662fe7fe517329453545be34cea27a24f8ccd6d09afd4f609f11ade2b6dfca7",
    "https://deno.land/std@0.128.0/node/internal/crypto/keys.ts": "16ce7b15a9fc5e4e3dee8fde75dae12f3d722558d5a1a6e65a9b4f86d64a21e9",
    "https://deno.land/std@0.128.0/node/internal/crypto/util.mjs": "1de55a47fdbed6721b467a77ba48fdd1550c10b5eee77bbdb602eaffee365a5e",
    "https://deno.land/std@0.128.0/node/internal/error_codes.ts": "ac03c4eae33de3a69d6c98e8678003207eecf75a6900eb847e3fea3c8c9e6d8f",
    "https://deno.land/std@0.128.0/node/internal/errors.ts": "0d3a1eb03b654beb29b8354759a6902f45a840d4f957e9a3c632a24ce4c32632",
    "https://deno.land/std@0.128.0/node/internal/hide_stack_frames.ts": "a91962ec84610bc7ec86022c4593cdf688156a5910c07b5bcd71994225c13a03",
    "https://deno.land/std@0.128.0/node/internal/normalize_encoding.mjs": "3779ec8a7adf5d963b0224f9b85d1bc974a2ec2db0e858396b5d3c2c92138a0a",
    "https://deno.land/std@0.128.0/node/internal/streams/_utils.ts": "77fceaa766679847e4d4c3c96b2573c00a790298d90551e8e4df1d5e0fdaad3b",
    "https://deno.land/std@0.128.0/node/internal/streams/add-abort-signal.mjs": "5623b83fa64d439cc4a1f09ae47ec1db29512cc03479389614d8f62a37902f5e",
    "https://deno.land/std@0.128.0/node/internal/streams/buffer_list.mjs": "c6a7b29204fae025ff5e9383332acaea5d44bc7c522a407a79b8f7a6bc6c312d",
    "https://deno.land/std@0.128.0/node/internal/streams/compose.mjs": "b522daab35a80ae62296012a4254fd7edfc0366080ffe63ddda4e38fe6b6803e",
    "https://deno.land/std@0.128.0/node/internal/streams/destroy.mjs": "9c9bbeb172a437041d529829f433df72cf0b63ae49f3ee6080a55ffbef7572ad",
    "https://deno.land/std@0.128.0/node/internal/streams/duplex.mjs": "b014087cd04f79b8a4028d8b9423b987e07bbfacf3b5df518cb752ac3657580f",
    "https://deno.land/std@0.128.0/node/internal/streams/end-of-stream.mjs": "38be76eaceac231dfde643e72bc0940625446bf6d1dbd995c91c5ba9fd59b338",
    "https://deno.land/std@0.128.0/node/internal/streams/from.mjs": "134255c698ed63b33199911eb8e042f8f67e9682409bb11552e6120041ed1872",
    "https://deno.land/std@0.128.0/node/internal/streams/legacy.mjs": "6ea28db95d4503447473e62f0b23ff473bfe1751223c33a3c5816652e93b257a",
    "https://deno.land/std@0.128.0/node/internal/streams/passthrough.mjs": "a51074193b959f3103d94de41e23a78dfcff532bdba53af9146b86340d85eded",
    "https://deno.land/std@0.128.0/node/internal/streams/pipeline.mjs": "9890b121759ede869174ef70c011fde964ca94d81f2ed97b8622d7cb17b49285",
    "https://deno.land/std@0.128.0/node/internal/streams/readable.mjs": "a70c41171ae25c556b52785b0c178328014bd33d8c0e4d229d4adaac7414b6ca",
    "https://deno.land/std@0.128.0/node/internal/streams/state.mjs": "9ef917392a9d8005a6e038260c5fd31518d2753aea0bc9e39824c199310434cb",
    "https://deno.land/std@0.128.0/node/internal/streams/transform.mjs": "3b361abad2ac78f7ccb6f305012bafdc0e983dfa4bb6ecddb4626e34a781a5f5",
    "https://deno.land/std@0.128.0/node/internal/streams/utils.mjs": "06c21d0db0d51f1bf1e3225a661c3c29909be80355d268e64ee5922fc5eb6c5e",
    "https://deno.land/std@0.128.0/node/internal/streams/writable.mjs": "ad4e2b176ffdf752c8e678ead3a514679a5a8d652f4acf797115dceb798744d5",
    "https://deno.land/std@0.128.0/node/internal/util.mjs": "684653b962fae84fd2bc08997291b1a50bed09b95dcfa7d35e3c4143163e879a",
    "https://deno.land/std@0.128.0/node/internal/util/comparisons.ts": "680b55fe8bdf1613633bc469fa0440f43162c76dbe36af9aa2966310e1bb9f6e",
    "https://deno.land/std@0.128.0/node/internal/util/debuglog.ts": "99e91bdf26f6c67861031f684817e1705a5bc300e81346585b396f413387edfb",
    "https://deno.land/std@0.128.0/node/internal/util/inspect.mjs": "d1c2569c66a3dab45eec03208f22ad4351482527859c0011a28a6c797288a0aa",
    "https://deno.land/std@0.128.0/node/internal/util/types.ts": "b2dacb8f1f5d28a51c4da5c5b75172b7fcf694073ce95ca141323657e18b0c60",
    "https://deno.land/std@0.128.0/node/internal/validators.mjs": "a7e82eafb7deb85c332d5f8d9ffef052f46a42d4a121eada4a54232451acc49a",
    "https://deno.land/std@0.128.0/node/internal_binding/_libuv_winerror.ts": "801e05c2742ae6cd42a5f0fd555a255a7308a65732551e962e5345f55eedc519",
    "https://deno.land/std@0.128.0/node/internal_binding/_node.ts": "e4075ba8a37aef4eb5b592c8e3807c39cb49ca8653faf8e01a43421938076c1b",
    "https://deno.land/std@0.128.0/node/internal_binding/_utils.ts": "1c50883b5751a9ea1b38951e62ed63bacfdc9d69ea665292edfa28e1b1c5bd94",
    "https://deno.land/std@0.128.0/node/internal_binding/_winerror.ts": "8811d4be66f918c165370b619259c1f35e8c3e458b8539db64c704fbde0a7cd2",
    "https://deno.land/std@0.128.0/node/internal_binding/buffer.ts": "722c62b85f966e0777b2d98c021b60e75d7f2c2dabc43413ef37d60dbd13a5d9",
    "https://deno.land/std@0.128.0/node/internal_binding/constants.ts": "aff06aac49eda4234bd3a2b0b8e1fbfc67824e281c532ff9960831ab503014cc",
    "https://deno.land/std@0.128.0/node/internal_binding/string_decoder.ts": "5cb1863763d1e9b458bc21d6f976f16d9c18b3b3f57eaf0ade120aee38fba227",
    "https://deno.land/std@0.128.0/node/internal_binding/types.ts": "4c26fb74ba2e45de553c15014c916df6789529a93171e450d5afb016b4c765e7",
    "https://deno.land/std@0.128.0/node/internal_binding/util.ts": "90364292e2bd598ab5d105b48ca49817b6708f2d1d9cbaf08b2b3ab5ca4c90a7",
    "https://deno.land/std@0.128.0/node/internal_binding/uv.ts": "3821bc5e676d6955d68f581988c961d77dd28190aba5a9c59f16001a4deb34ba",
    "https://deno.land/std@0.128.0/node/stream.ts": "d127faa074a9e3886e4a01dcfe9f9a6a4b5641f76f6acc356e8ded7da5dc2c81",
    "https://deno.land/std@0.128.0/node/stream/promises.mjs": "b263c09f2d6bd715dc514fab3f99cca84f442e2d23e87adbe76e32ea46fc87e6",
    "https://deno.land/std@0.128.0/node/string_decoder.ts": "51ce85a173d2e36ac580d418bb48b804adb41732fc8bd85f7d5d27b7accbc61f",
    "https://deno.land/std@0.128.0/node/util.ts": "7fd6933b37af89a8e64d73dc6ee1732455a59e7e6d0965311fbd73cd634ea630",
    "https://deno.land/std@0.128.0/node/util/types.mjs": "f9288198cacd374b41bae7e92a23179d3160f4c0eaf14e19be3a4e7057219a60",
    "https://deno.land/std@0.128.0/streams/conversion.ts": "712585bfa0172a97fb68dd46e784ae8ad59d11b88079d6a4ab098ff42e697d21",
    "https://deno.land/std@0.128.0/testing/_diff.ts": "9d849cd6877694152e01775b2d93f9d6b7aef7e24bfe3bfafc4d7a1ac8e9f392",
    "https://deno.land/std@0.128.0/testing/asserts.ts": "5ddb5ad2517455795cfcd68195de8ea7f9339516d542c2239e427a080a04a5ea",
    "https://deno.land/std@0.131.0/_util/assert.ts": "e94f2eb37cebd7f199952e242c77654e43333c1ac4c5c700e929ea3aa5489f74",
    "https://deno.land/std@0.131.0/_util/os.ts": "49b92edea1e82ba295ec946de8ffd956ed123e2948d9bd1d3e901b04e4307617",
    "https://deno.land/std@0.131.0/bytes/bytes_list.ts": "67eb118e0b7891d2f389dad4add35856f4ad5faab46318ff99653456c23b025d",
    "https://deno.land/std@0.131.0/bytes/equals.ts": "fc16dff2090cced02497f16483de123dfa91e591029f985029193dfaa9d894c9",
    "https://deno.land/std@0.131.0/bytes/mod.ts": "d3b455c0dbd4804644159d1e25946ade5ee385d2359894de49e2c6101b18b7a9",
    "https://deno.land/std@0.131.0/encoding/base64.ts": "c8c16b4adaa60d7a8eee047c73ece26844435e8f7f1328d74593dbb2dd58ea4f",
    "https://deno.land/std@0.131.0/http/http_status.ts": "71838ad33cb03ff2575f5e8fdea5f930979cdff8a81c11ade497f11d4c026019",
    "https://deno.land/std@0.131.0/io/buffer.ts": "bd0c4bf53db4b4be916ca5963e454bddfd3fcd45039041ea161dbf826817822b",
    "https://deno.land/std@0.131.0/io/readers.ts": "679471f3b9929b54393c9cd75b6bd178b4bc6d9aab5c0f1f9538f862cf4746fe",
    "https://deno.land/std@0.131.0/io/types.d.ts": "01f60ae7ec02675b5dbed150d258fc184a78dfe5c209ef53ba4422b46b58822c",
    "https://deno.land/std@0.131.0/path/_constants.ts": "df1db3ffa6dd6d1252cc9617e5d72165cd2483df90e93833e13580687b6083c3",
    "https://deno.land/std@0.131.0/path/_interface.ts": "ee3b431a336b80cf445441109d089b70d87d5e248f4f90ff906820889ecf8d09",
    "https://deno.land/std@0.131.0/path/_util.ts": "c1e9686d0164e29f7d880b2158971d805b6e0efc3110d0b3e24e4b8af2190d2b",
    "https://deno.land/std@0.131.0/path/common.ts": "bee563630abd2d97f99d83c96c2fa0cca7cee103e8cb4e7699ec4d5db7bd2633",
    "https://deno.land/std@0.131.0/path/glob.ts": "cb5255638de1048973c3e69e420c77dc04f75755524cb3b2e160fe9277d939ee",
    "https://deno.land/std@0.131.0/path/mod.ts": "4275129bb766f0e475ecc5246aa35689eeade419d72a48355203f31802640be7",
    "https://deno.land/std@0.131.0/path/posix.ts": "663e4a6fe30a145f56aa41a22d95114c4c5582d8b57d2d7c9ed27ad2c47636bb",
    "https://deno.land/std@0.131.0/path/separator.ts": "fe1816cb765a8068afb3e8f13ad272351c85cbc739af56dacfc7d93d710fe0f9",
    "https://deno.land/std@0.131.0/path/win32.ts": "e7bdf63e8d9982b4d8a01ef5689425c93310ece950e517476e22af10f41a136e",
    "https://deno.land/std@0.131.0/streams/conversion.ts": "712585bfa0172a97fb68dd46e784ae8ad59d11b88079d6a4ab098ff42e697d21",
    "https://deno.land/std@0.140.0/_util/assert.ts": "e94f2eb37cebd7f199952e242c77654e43333c1ac4c5c700e929ea3aa5489f74",
    "https://deno.land/std@0.140.0/_util/os.ts": "3b4c6e27febd119d36a416d7a97bd3b0251b77c88942c8f16ee5953ea13e2e49",
    "https://deno.land/std@0.140.0/bytes/bytes_list.ts": "67eb118e0b7891d2f389dad4add35856f4ad5faab46318ff99653456c23b025d",
    "https://deno.land/std@0.140.0/bytes/equals.ts": "fc16dff2090cced02497f16483de123dfa91e591029f985029193dfaa9d894c9",
    "https://deno.land/std@0.140.0/bytes/mod.ts": "763f97d33051cc3f28af1a688dfe2830841192a9fea0cbaa55f927b49d49d0bf",
    "https://deno.land/std@0.140.0/fmt/colors.ts": "30455035d6d728394781c10755351742dd731e3db6771b1843f9b9e490104d37",
    "https://deno.land/std@0.140.0/fs/_util.ts": "0fb24eb4bfebc2c194fb1afdb42b9c3dda12e368f43e8f2321f84fc77d42cb0f",
    "https://deno.land/std@0.140.0/fs/ensure_dir.ts": "9dc109c27df4098b9fc12d949612ae5c9c7169507660dcf9ad90631833209d9d",
    "https://deno.land/std@0.140.0/hash/sha256.ts": "803846c7a5a8a5a97f31defeb37d72f519086c880837129934f5d6f72102a8e8",
    "https://deno.land/std@0.140.0/io/buffer.ts": "bd0c4bf53db4b4be916ca5963e454bddfd3fcd45039041ea161dbf826817822b",
    "https://deno.land/std@0.140.0/io/types.d.ts": "01f60ae7ec02675b5dbed150d258fc184a78dfe5c209ef53ba4422b46b58822c",
    "https://deno.land/std@0.140.0/path/_constants.ts": "df1db3ffa6dd6d1252cc9617e5d72165cd2483df90e93833e13580687b6083c3",
    "https://deno.land/std@0.140.0/path/_interface.ts": "ee3b431a336b80cf445441109d089b70d87d5e248f4f90ff906820889ecf8d09",
    "https://deno.land/std@0.140.0/path/_util.ts": "c1e9686d0164e29f7d880b2158971d805b6e0efc3110d0b3e24e4b8af2190d2b",
    "https://deno.land/std@0.140.0/path/common.ts": "bee563630abd2d97f99d83c96c2fa0cca7cee103e8cb4e7699ec4d5db7bd2633",
    "https://deno.land/std@0.140.0/path/glob.ts": "cb5255638de1048973c3e69e420c77dc04f75755524cb3b2e160fe9277d939ee",
    "https://deno.land/std@0.140.0/path/mod.ts": "d3e68d0abb393fb0bf94a6d07c46ec31dc755b544b13144dee931d8d5f06a52d",
    "https://deno.land/std@0.140.0/path/posix.ts": "293cdaec3ecccec0a9cc2b534302dfe308adb6f10861fa183275d6695faace44",
    "https://deno.land/std@0.140.0/path/separator.ts": "fe1816cb765a8068afb3e8f13ad272351c85cbc739af56dacfc7d93d710fe0f9",
    "https://deno.land/std@0.140.0/path/win32.ts": "31811536855e19ba37a999cd8d1b62078235548d67902ece4aa6b814596dd757",
    "https://deno.land/std@0.140.0/streams/conversion.ts": "712585bfa0172a97fb68dd46e784ae8ad59d11b88079d6a4ab098ff42e697d21",
    "https://deno.land/x/deno_cache@0.4.1/auth_tokens.ts": "5fee7e9155e78cedf3f6ff3efacffdb76ac1a76c86978658d9066d4fb0f7326e",
    "https://deno.land/x/deno_cache@0.4.1/cache.ts": "51f72f4299411193d780faac8c09d4e8cbee951f541121ef75fcc0e94e64c195",
    "https://deno.land/x/deno_cache@0.4.1/deno_dir.ts": "f2a9044ce8c7fe1109004cda6be96bf98b08f478ce77e7a07f866eff1bdd933f",
    "https://deno.land/x/deno_cache@0.4.1/deps.ts": "8974097d6c17e65d9a82d39377ae8af7d94d74c25c0cbb5855d2920e063f2343",
    "https://deno.land/x/deno_cache@0.4.1/dirs.ts": "d2fa473ef490a74f2dcb5abb4b9ab92a48d2b5b6320875df2dee64851fa64aa9",
    "https://deno.land/x/deno_cache@0.4.1/disk_cache.ts": "1f3f5232cba4c56412d93bdb324c624e95d5dd179d0578d2121e3ccdf55539f9",
    "https://deno.land/x/deno_cache@0.4.1/file_fetcher.ts": "07a6c5f8fd94bf50a116278cc6012b4921c70d2251d98ce1c9f3c352135c39f7",
    "https://deno.land/x/deno_cache@0.4.1/http_cache.ts": "f632e0d6ec4a5d61ae3987737a72caf5fcdb93670d21032ddb78df41131360cd",
    "https://deno.land/x/deno_cache@0.4.1/mod.ts": "ef1cda9235a93b89cb175fe648372fc0f785add2a43aa29126567a05e3e36195",
    "https://deno.land/x/deno_cache@0.4.1/util.ts": "8cb686526f4be5205b92c819ca2ce82220aa0a8dd3613ef0913f6dc269dbbcfe",
    "https://deno.land/x/deno_graph@0.26.0/lib/deno_graph.generated.js": "2f7ca85b2ceb80ec4b3d1b7f3a504956083258610c7b9a1246238c5b7c68f62d",
    "https://deno.land/x/deno_graph@0.26.0/lib/loader.ts": "380e37e71d0649eb50176a9786795988fc3c47063a520a54b616d7727b0f8629",
    "https://deno.land/x/deno_graph@0.26.0/lib/media_type.ts": "222626d524fa2f9ebcc0ec7c7a7d5dfc74cc401cc46790f7c5e0eab0b0787707",
    "https://deno.land/x/deno_graph@0.26.0/lib/snippets/deno_graph-de651bc9c240ed8d/src/deno_apis.js": "41192baaa550a5c6a146280fae358cede917ae16ec4e4315be51bef6631ca892",
    "https://deno.land/x/deno_graph@0.26.0/lib/types.d.ts": "2bbdbf895321d1df8db511fab00160a0211c09c2e7cac56c522dd6e9ed6d2ef7",
    "https://deno.land/x/deno_graph@0.26.0/mod.ts": "11131ae166580a1c7fa8506ff553751465a81c263d94443f18f353d0c320bc14",
    "https://deno.land/x/denoflate@1.2.1/mod.ts": "f5628e44b80b3d80ed525afa2ba0f12408e3849db817d47a883b801f9ce69dd6",
    "https://deno.land/x/denoflate@1.2.1/pkg/denoflate.js": "b9f9ad9457d3f12f28b1fb35c555f57443427f74decb403113d67364e4f2caf4",
    "https://deno.land/x/denoflate@1.2.1/pkg/denoflate_bg.wasm.js": "d581956245407a2115a3d7e8d85a9641c032940a8e810acbd59ca86afd34d44d",
    "https://deno.land/x/djwt@v2.4/algorithm.ts": "c33b94d2fc82f5afc92a676ef61049dd86fc8445d9caefc60570372ad20c0016",
    "https://deno.land/x/djwt@v2.4/deps.ts": "c86e2f5c16a943b7f8c1a451dc1aa62684188d5e1929afaa4433460a1936195b",
    "https://deno.land/x/djwt@v2.4/mod.ts": "d7c0f05688a9bd9ee60a33c131dd9f9ae19f82852262eb119377a2a09036905f",
    "https://deno.land/x/djwt@v2.4/signature.ts": "f79b4e521cd6a6dff28cd2779b1d9f2059f9e0822fb99c9f747ff34ae26532e4",
    "https://deno.land/x/emit@0.17.0/lib/emit.generated.js": "a1400f36be0ffb1d5d1ccc5a2de15c86456c055ef0151430947490a94bb8b118",
    "https://deno.land/x/emit@0.17.0/mod.ts": "20fd97493b37308480c288a559311cf950b4b799c8e6a91f86fc77ce9467e248",
    "https://deno.land/x/esbuild@v0.15.9/mod.d.ts": "5fe9b6ab2fc6b10e3b953170df8ad42bd63108dc9bfcc0cdc08c46b3a6e19cd6",
    "https://deno.land/x/esbuild@v0.15.9/mod.js": "6f8d7fdf9d15dfcb0a59a3d6438034dbb90920e880bba35e28236220a92ff5ba",
    "https://deno.land/x/media_types@v3.0.2/mod.ts": "79e480ab73367a18f5753221bfee92657b9154f03790135bcdf75924f9884b22",
    "https://deno.land/x/nanoid@v3.0.0/customAlphabet.ts": "1cfd7cfd2f07ca8d78a7e7855fcc9f59abf01ef2a127484ef94328fadf940ead",
    "https://deno.land/x/nanoid@v3.0.0/customRandom.ts": "af56e19038c891a4b4ef2be931554c27579bd407ee5bbea5cb64f6ee1347cbe3",
    "https://deno.land/x/nanoid@v3.0.0/mod.ts": "3ead610e40c58d8fdca21d5da9ec661445a2b82526e19c34d05de5f90be8a1be",
    "https://deno.land/x/nanoid@v3.0.0/nanoid.ts": "8d119bc89a0f34e7bbe0c2dbdc280d01753e431af553d189663492310a31085d",
    "https://deno.land/x/nanoid@v3.0.0/random.ts": "4da71d5f72f2bfcc6a4ee79b5d4e72f48dcf4fe4c3835fd5ebab08b9f33cd598",
    "https://deno.land/x/nanoid@v3.0.0/urlAlphabet.ts": "8b1511deb1ecb23c66202b6000dc10fb68f9a96b5550c6c8cef5009324793431",
    "https://deno.land/x/oak@v10.5.1/application.ts": "37a78bc0464fa677df5c290ee9a30de1e3da7c6e0ce6c2ff4a721455d5d47b6b",
    "https://deno.land/x/oak@v10.5.1/body.ts": "80ef7b8e7bb6bd7907ecdfb9148bffdbde10f9d3be9336d84075038473f804a1",
    "https://deno.land/x/oak@v10.5.1/buf_reader.ts": "7cf96aa0ac670b75098113cf88a291a68332cc45efa8a9698f064ac5b8098a0f",
    "https://deno.land/x/oak@v10.5.1/content_disposition.ts": "8b8c3cb2fba7138cd5b7f82fc3b5ea39b33db924a824b28261659db7e164621e",
    "https://deno.land/x/oak@v10.5.1/context.ts": "078306333a79f1010a49d5e9a05fca3dbc0c18fbda7610fa05400fa2e6eb9f95",
    "https://deno.land/x/oak@v10.5.1/cookies.ts": "d9f94b99f26c6169c6982ce12323c41a548d001bfc28f464264c22dc3dbf2181",
    "https://deno.land/x/oak@v10.5.1/deps.ts": "49d2150d6acc593f34700e76ecdfcf2f4bf59aa948c8f1123da63ed41ffaf2ea",
    "https://deno.land/x/oak@v10.5.1/etag.ts": "19918f5e1964e3fe6c9fe524a88ffbf9900ce1dfe4146b187b2a86256bb6b663",
    "https://deno.land/x/oak@v10.5.1/headers.ts": "9a28c40344e85be0877e192210f89d7de12fa3fc4e9c959f7480f6fc4006fcfe",
    "https://deno.land/x/oak@v10.5.1/helpers.ts": "42212afa07a560b2958359cc19577417e89d9574d6579551a0af36ff7f00cc6e",
    "https://deno.land/x/oak@v10.5.1/httpError.ts": "8368d20c2bbb1e97eab0f9de5752ed04217675b4b5f33862a4e0bde71a492096",
    "https://deno.land/x/oak@v10.5.1/http_server_native.ts": "383295e11355161352d7ad384b976e257e3f6b2c4deb0ae972f7a28f697341fc",
    "https://deno.land/x/oak@v10.5.1/http_server_native_request.ts": "07910ea2ed51af6c4e69addf9015cdd8d2b5c9ee03fd4993e386834a129a9eb6",
    "https://deno.land/x/oak@v10.5.1/isMediaType.ts": "e7457f8c14245a7bb9a3a48000d50e112bb6fcafeab8fd7bcff16363a0cd8687",
    "https://deno.land/x/oak@v10.5.1/keyStack.ts": "7594ef9ff4f9be12a4ad23471a5f8bcbdeb5c1ec8ff51229b47114176b5f280d",
    "https://deno.land/x/oak@v10.5.1/mediaTyper.ts": "042b853fc8e9c3f6c628dd389e03ef481552bf07242efc3f8a1af042102a6105",
    "https://deno.land/x/oak@v10.5.1/middleware.ts": "de14f045a2ddfe845d89b5d3140ff52cbcc6f3b3965391106ce04480f9786737",
    "https://deno.land/x/oak@v10.5.1/middleware/proxy.ts": "b927232f97ec18af4185d7912e45b1191e3ffe24a9c875262ad524211b1274c9",
    "https://deno.land/x/oak@v10.5.1/mod.ts": "7a1b5169ef702e96dd994168879dbcbd8af4f639578b6300cbe1c6995d7f3f32",
    "https://deno.land/x/oak@v10.5.1/multipart.ts": "2daf24f8ed8b906ba55a631933b6b22353a80718b840d44d429e3333fb4d705a",
    "https://deno.land/x/oak@v10.5.1/negotiation/charset.ts": "b4c2e0c49dd5122f130f95bf29508448d983c424801b5bc304b00288b5ae3195",
    "https://deno.land/x/oak@v10.5.1/negotiation/common.ts": "f54d599d37408005f8c565d0f6505de51fed31feaa3654a7758e2359c006b02c",
    "https://deno.land/x/oak@v10.5.1/negotiation/encoding.ts": "60eb0fc3df57cc39eaa739e0e9e2cda6c20b3aa429d1a0108f503065f5709bbe",
    "https://deno.land/x/oak@v10.5.1/negotiation/language.ts": "62ef13ea3146538dd52a4666611bd423ebb9a6438e7312398e17a4d16dbafb51",
    "https://deno.land/x/oak@v10.5.1/negotiation/mediaType.ts": "7e25cc34600beea3bf0b0879ff1783c752260fcb517dffea2e122830c36e8451",
    "https://deno.land/x/oak@v10.5.1/range.ts": "d13898fcfc27f42309535f8e06ba522f51c811372c7d3bd657a957b52a481622",
    "https://deno.land/x/oak@v10.5.1/request.ts": "50c16bd8f8adef03fbb280de8f23b8ea1927fa813bbc87041c35078ad74e70f1",
    "https://deno.land/x/oak@v10.5.1/response.ts": "04d5faebf53d79f69a093332fb2180904e8c47d3666f60754b72ef8aca4cfef0",
    "https://deno.land/x/oak@v10.5.1/router.ts": "21e9cd4c1d83c9a0848e5943074a5ea748932d8a5fee9ce528f8bd790eaf6483",
    "https://deno.land/x/oak@v10.5.1/send.ts": "1e1766c9d2569af636315933fab46b35459893464a759c9a00ece9440eb0a992",
    "https://deno.land/x/oak@v10.5.1/server_sent_event.ts": "948b0fe4cb3fe38c7db15e476eb3b7671ef20e566d130e9f701d7c0146aa47dd",
    "https://deno.land/x/oak@v10.5.1/structured_clone.ts": "ecf42598652b8082f37252cb873d6e257ad728e6fe73c6bd61f343d94501fbde",
    "https://deno.land/x/oak@v10.5.1/testing.ts": "5a2c53dd48e0b45994de668082d26dba4c2a0694f2ceeb1e7c68d5aca170c73f",
    "https://deno.land/x/oak@v10.5.1/tssCompare.ts": "27f45f507ef21ba7b727b6c66b491543e6e1815c17194bf0b1d7a1ea5ab8027b",
    "https://deno.land/x/oak@v10.5.1/types.d.ts": "a952d39b03215604c12d13688ed868986591e9ea4db831e18df7021fde50d9d3",
    "https://deno.land/x/oak@v10.5.1/util.ts": "aeacf93c19afd01598584262589afbb2f9dfe6248c195c1a78c29373636afea2",
    "https://deno.land/x/path_to_regexp@v6.2.0/index.ts": "e94c04a44bbecac99ff2db2d831afe98b423e627b775cb57fc7935f848c64c51",
    "https://deno.land/x/path_to_regexp@v6.2.1/index.ts": "894060567837bae8fc9c5cbd4d0a05e9024672083d5883b525c031eea940e556",
    "https://deno.land/x/zod@v3.14.2/ZodError.ts": "5ad5cae620632c9d228b9f9a55a8fd63eeb74a35a0ae5a955dec82b291d91424",
    "https://deno.land/x/zod@v3.14.2/external.ts": "433e13ff774fef22d416027308db33cacb719774898372ec5faa32bb572f11dc",
    "https://deno.land/x/zod@v3.14.2/helpers/errorUtil.ts": "7a77328240be7b847af6de9189963bd9f79cab32bbc61502a9db4fe6683e2ea7",
    "https://deno.land/x/zod@v3.14.2/helpers/parseUtil.ts": "346ae45359d2e29f73312d16363ffee0df7a86d602837aa86db9573bebc3185d",
    "https://deno.land/x/zod@v3.14.2/helpers/partialUtil.ts": "8dc921a02b47384cf52217c7e539268daf619f89319b75bdf13ea178815725df",
    "https://deno.land/x/zod@v3.14.2/helpers/typeAliases.ts": "a1a8d039eb98925f242f5ea1e21e6d3cabd7f05e9747680165c914695c979b4f",
    "https://deno.land/x/zod@v3.14.2/helpers/util.ts": "28dc23a1160ef0178b5e4144a90cd310227e8c0a065203e72a7ffee70dfb1ab4",
    "https://deno.land/x/zod@v3.14.2/index.ts": "035a7422d9f2be54daa0fe464254b69225b443000673e4794095d672471e8792",
    "https://deno.land/x/zod@v3.14.2/mod.ts": "64e55237cb4410e17d968cd08975566059f27638ebb0b86048031b987ba251c4",
    "https://deno.land/x/zod@v3.14.2/types.ts": "1ce33a506faa8b4fed7aff35b67133a8063416beef96d5aa27b4d0a9e381012c",
    "https://raw.githubusercontent.com/floodfx/liveviewjs/main/packages/core/dist/liveview.d.ts": "ead3fe2e87589d12e652f94049a2889f738cc4b1c93df2fab69807753d7e82f8",
    "https://raw.githubusercontent.com/floodfx/liveviewjs/main/packages/core/dist/liveview.mjs": "4282b39df76101f73fd7905552408e853c675bf4bac8ef7a1d73a2e37e5eb9a1",
    "https://raw.githubusercontent.com/floodfx/liveviewjs/main/packages/core/mod.ts": "9ea6c86f3d9787ffb7fcf7bef38360f3cce091d34598159b3a3b04c44036b770",
    "https://raw.githubusercontent.com/floodfx/liveviewjs/main/packages/deno/mod.ts": "9ca5230afeec7292735ea0e7baf0aa703d3d48f8cb249702318251fcfe6e12da",
    "https://raw.githubusercontent.com/floodfx/liveviewjs/main/packages/deno/src/deno/broadcastChannelPubSub.ts": "86727430149d439fe16b88be32c08e7947e4ecce0777fdfbf2f50b5ec67669f8",
    "https://raw.githubusercontent.com/floodfx/liveviewjs/main/packages/deno/src/deno/fsAdaptor.ts": "9b200ec8994a5455090126b62601579e6bf4d994d41e0d40739ec88705e7b7ad",
    "https://raw.githubusercontent.com/floodfx/liveviewjs/main/packages/deno/src/deno/index.ts": "2f05730bdc8f9b7e6770ca4a18a08d89b603ddcdd0603bde9c06c03cffbefe03",
    "https://raw.githubusercontent.com/floodfx/liveviewjs/main/packages/deno/src/deno/jwtSerDe.ts": "ffddb3c59190244d6dc2487c4f60fae5cd43b351cf3c016f8b62fa4727ef703a",
    "https://raw.githubusercontent.com/floodfx/liveviewjs/main/packages/deno/src/deno/server.ts": "f48c73316916c4f437f5282c4872ae808748b26f0d0030d1f87a11a1feab11ed",
    "https://raw.githubusercontent.com/floodfx/liveviewjs/main/packages/deno/src/deno/wsAdaptor.ts": "4529253a94bcae2f046898f488fcf36c6afb787e34a17180d8d416386317dc81",
    "https://raw.githubusercontent.com/floodfx/liveviewjs/main/packages/deno/src/deps.ts": "00c673aac7b4b1b3a0814ae98d77d737871e331fa2205e1b96fed2833c254abe",
    "https://raw.githubusercontent.com/floodfx/liveviewjs/main/packages/examples/dist/liveviewjs-examples.d.ts": "e82e7fa47ca6f62056ad0b1f6c1e73fa3a5b03de4811f661b43aa55e10b8e64c",
    "https://raw.githubusercontent.com/floodfx/liveviewjs/main/packages/examples/dist/liveviewjs-examples.mjs": "e7b22ef774343271b0b584da9918520a6deb047bdeacf9d3ff8209dce7df2a4a",
    "https://raw.githubusercontent.com/floodfx/liveviewjs/main/packages/examples/mod.ts": "08d6478bcf32e607696faa18e29a569ae0760c22ae762b186c67fabce9888e8e",
    "https://raw.githubusercontent.com/jshttp/mime-db/v1.52.0/db.json": "85c8e1ba609079947c8df83c092900ab0226e1d7b60e5e7105fb7dd701833263"
  }
}
